
Microsoft Visual Studio Solution File, Format Version 12.00
# Visual Studio Version 17
VisualStudioVersion = 17.1.32328.378
MinimumVisualStudioVersion = 10.0.40219.1
Project("{9A19103F-16F7-4668-BE54-9A1E7A4F7556}") = "System-ZiMZEwGD Blazor", "System-ZiMZEwGD Blazor.csproj", "{AE1045C9-E40F-493E-96C6-C8CB950B23A7}"
EndProject
Global
	GlobalSection(SolutionConfigurationPlatforms) = preSolution
		Debug|Any CPU = Debug|Any CPU
		Release|Any CPU = Release|Any CPU
	EndGlobalSection
	GlobalSection(ProjectConfigurationPlatforms) = postSolution
		{AE1045C9-E40F-493E-96C6-C8CB950B23A7}.Debug|Any CPU.ActiveCfg = Debug|Any CPU
		{AE1045C9-E40F-493E-96C6-C8CB950B23A7}.Debug|Any CPU.Build.0 = Debug|Any CPU
		{AE1045C9-E40F-493E-96C6-C8CB950B23A7}.Release|Any CPU.ActiveCfg = Release|Any CPU
		{AE1045C9-E40F-493E-96C6-C8CB950B23A7}.Release|Any CPU.Build.0 = Release|Any CPU
	EndGlobalSection
	GlobalSection(SolutionProperties) = preSolution
		HideSolutionNode = FALSE
	EndGlobalSection
	GlobalSection(ExtensibilityGlobals) = postSolution
		SolutionGuid = {248E2A37-97E8-4887-8B0A-26C70E050B44}
	EndGlobalSection
EndGlobal
